
Microsoft Visual Studio Solution File, Format Version 12.00
# Visual Studio 15
VisualStudioVersion = 15.0.27428.2037
MinimumVisualStudioVersion = 10.0.40219.1
Project("{FAE04EC0-301F-11D3-BF4B-00C04F79EFBC}") = "grcalc", "grcalc\grcalc.csproj", "{70DE2700-A48C-4D1B-A6D4-2675EFC71713}"
EndProject
Project("{FAE04EC0-301F-11D3-BF4B-00C04F79EFBC}") = "formulas", "formulas\formulas.csproj", "{B28BB433-2381-4330-8BE8-A9F7E37E198A}"
EndProject
Project("{FAE04EC0-301F-11D3-BF4B-00C04F79EFBC}") = "fvcalc", "fvcalc\fvcalc.csproj", "{6A6B310D-0F7B-4B14-B581-A98192436E2D}"
EndProject
Project("{FAE04EC0-301F-11D3-BF4B-00C04F79EFBC}") = "stickercalc", "stickercalc\stickercalc.csproj", "{90D83338-910D-499D-B22D-1A0A2C82796B}"
EndProject
Project("{FAE04EC0-301F-11D3-BF4B-00C04F79EFBC}") = "pvcalc", "pvcalc\pvcalc.csproj", "{BB5620F8-5053-4DA4-B8F2-718C7E1ACD76}"
EndProject
Global
	GlobalSection(SolutionConfigurationPlatforms) = preSolution
		Debug|Any CPU = Debug|Any CPU
		Release|Any CPU = Release|Any CPU
	EndGlobalSection
	GlobalSection(ProjectConfigurationPlatforms) = postSolution
		{70DE2700-A48C-4D1B-A6D4-2675EFC71713}.Debug|Any CPU.ActiveCfg = Debug|Any CPU
		{70DE2700-A48C-4D1B-A6D4-2675EFC71713}.Debug|Any CPU.Build.0 = Debug|Any CPU
		{70DE2700-A48C-4D1B-A6D4-2675EFC71713}.Release|Any CPU.ActiveCfg = Release|Any CPU
		{70DE2700-A48C-4D1B-A6D4-2675EFC71713}.Release|Any CPU.Build.0 = Release|Any CPU
		{B28BB433-2381-4330-8BE8-A9F7E37E198A}.Debug|Any CPU.ActiveCfg = Debug|Any CPU
		{B28BB433-2381-4330-8BE8-A9F7E37E198A}.Debug|Any CPU.Build.0 = Debug|Any CPU
		{B28BB433-2381-4330-8BE8-A9F7E37E198A}.Release|Any CPU.ActiveCfg = Release|Any CPU
		{B28BB433-2381-4330-8BE8-A9F7E37E198A}.Release|Any CPU.Build.0 = Release|Any CPU
		{6A6B310D-0F7B-4B14-B581-A98192436E2D}.Debug|Any CPU.ActiveCfg = Debug|Any CPU
		{6A6B310D-0F7B-4B14-B581-A98192436E2D}.Debug|Any CPU.Build.0 = Debug|Any CPU
		{6A6B310D-0F7B-4B14-B581-A98192436E2D}.Release|Any CPU.ActiveCfg = Release|Any CPU
		{6A6B310D-0F7B-4B14-B581-A98192436E2D}.Release|Any CPU.Build.0 = Release|Any CPU
		{90D83338-910D-499D-B22D-1A0A2C82796B}.Debug|Any CPU.ActiveCfg = Debug|Any CPU
		{90D83338-910D-499D-B22D-1A0A2C82796B}.Debug|Any CPU.Build.0 = Debug|Any CPU
		{90D83338-910D-499D-B22D-1A0A2C82796B}.Release|Any CPU.ActiveCfg = Release|Any CPU
		{90D83338-910D-499D-B22D-1A0A2C82796B}.Release|Any CPU.Build.0 = Release|Any CPU
		{BB5620F8-5053-4DA4-B8F2-718C7E1ACD76}.Debug|Any CPU.ActiveCfg = Debug|Any CPU
		{BB5620F8-5053-4DA4-B8F2-718C7E1ACD76}.Debug|Any CPU.Build.0 = Debug|Any CPU
		{BB5620F8-5053-4DA4-B8F2-718C7E1ACD76}.Release|Any CPU.ActiveCfg = Release|Any CPU
		{BB5620F8-5053-4DA4-B8F2-718C7E1ACD76}.Release|Any CPU.Build.0 = Release|Any CPU
	EndGlobalSection
	GlobalSection(SolutionProperties) = preSolution
		HideSolutionNode = FALSE
	EndGlobalSection
	GlobalSection(ExtensibilityGlobals) = postSolution
		SolutionGuid = {10AC71DE-006D-407B-A9BA-961112D7EE4E}
	EndGlobalSection
EndGlobal
